
Microsoft Visual Studio Solution File, Format Version 12.00
# Visual Studio Version 17
VisualStudioVersion = 17.7.34221.43
MinimumVisualStudioVersion = 10.0.40219.1
Project("{FAE04EC0-301F-11D3-BF4B-00C04F79EFBC}") = "FibonacciService", "FibonacciService.csproj", "{FF1BF333-A25F-466E-93A3-5D4DECB0A53D}"
EndProject
Project("{FAE04EC0-301F-11D3-BF4B-00C04F79EFBC}") = "FibonnaciTest", "..\FibonnaciTest\FibonnaciTest.csproj", "{DE613A0F-E657-4A58-857F-CEF381B2658F}"
EndProject
Global
	GlobalSection(SolutionConfigurationPlatforms) = preSolution
		Debug|Any CPU = Debug|Any CPU
		Release|Any CPU = Release|Any CPU
	EndGlobalSection
	GlobalSection(ProjectConfigurationPlatforms) = postSolution
		{FF1BF333-A25F-466E-93A3-5D4DECB0A53D}.Debug|Any CPU.ActiveCfg = Debug|Any CPU
		{FF1BF333-A25F-466E-93A3-5D4DECB0A53D}.Debug|Any CPU.Build.0 = Debug|Any CPU
		{FF1BF333-A25F-466E-93A3-5D4DECB0A53D}.Release|Any CPU.ActiveCfg = Release|Any CPU
		{FF1BF333-A25F-466E-93A3-5D4DECB0A53D}.Release|Any CPU.Build.0 = Release|Any CPU
		{DE613A0F-E657-4A58-857F-CEF381B2658F}.Debug|Any CPU.ActiveCfg = Debug|Any CPU
		{DE613A0F-E657-4A58-857F-CEF381B2658F}.Debug|Any CPU.Build.0 = Debug|Any CPU
		{DE613A0F-E657-4A58-857F-CEF381B2658F}.Release|Any CPU.ActiveCfg = Release|Any CPU
		{DE613A0F-E657-4A58-857F-CEF381B2658F}.Release|Any CPU.Build.0 = Release|Any CPU
	EndGlobalSection
	GlobalSection(SolutionProperties) = preSolution
		HideSolutionNode = FALSE
	EndGlobalSection
	GlobalSection(ExtensibilityGlobals) = postSolution
		SolutionGuid = {EB33BCF6-CD0C-427F-834D-C701EF8A3213}
	EndGlobalSection
EndGlobal
